
Microsoft Visual Studio Solution File, Format Version 12.00
# Visual Studio Version 17
VisualStudioVersion = 17.3.32929.385
MinimumVisualStudioVersion = 10.0.40219.1
Project("{FAE04EC0-301F-11D3-BF4B-00C04F79EFBC}") = "PhotogGalleryApp", "PhotogGalleryApp\PhotogGalleryApp.csproj", "{172DD5A9-4EBD-4654-8ED3-1CBF875033B7}"
EndProject
Global
	GlobalSection(SolutionConfigurationPlatforms) = preSolution
		Debug|Any CPU = Debug|Any CPU
		Release|Any CPU = Release|Any CPU
	EndGlobalSection
	GlobalSection(ProjectConfigurationPlatforms) = postSolution
		{172DD5A9-4EBD-4654-8ED3-1CBF875033B7}.Debug|Any CPU.ActiveCfg = Debug|Any CPU
		{172DD5A9-4EBD-4654-8ED3-1CBF875033B7}.Debug|Any CPU.Build.0 = Debug|Any CPU
		{172DD5A9-4EBD-4654-8ED3-1CBF875033B7}.Release|Any CPU.ActiveCfg = Release|Any CPU
		{172DD5A9-4EBD-4654-8ED3-1CBF875033B7}.Release|Any CPU.Build.0 = Release|Any CPU
	EndGlobalSection
	GlobalSection(SolutionProperties) = preSolution
		HideSolutionNode = FALSE
	EndGlobalSection
	GlobalSection(ExtensibilityGlobals) = postSolution
		SolutionGuid = {7BABE161-C128-4439-9BCB-379BE527F201}
	EndGlobalSection
EndGlobal
